
Microsoft Visual Studio Solution File, Format Version 12.00
# Visual Studio Version 16
VisualStudioVersion = 16.0.31410.357
MinimumVisualStudioVersion = 10.0.40219.1
Project("{FAE04EC0-301F-11D3-BF4B-00C04F79EFBC}") = "MinimumAutomaton", "MinimumAutomaton\MinimumAutomaton.csproj", "{4027DFE0-2D40-48E2-BC75-8C60C802C786}"
EndProject
Global
	GlobalSection(SolutionConfigurationPlatforms) = preSolution
		Debug|Any CPU = Debug|Any CPU
		Release|Any CPU = Release|Any CPU
	EndGlobalSection
	GlobalSection(ProjectConfigurationPlatforms) = postSolution
		{4027DFE0-2D40-48E2-BC75-8C60C802C786}.Debug|Any CPU.ActiveCfg = Debug|Any CPU
		{4027DFE0-2D40-48E2-BC75-8C60C802C786}.Debug|Any CPU.Build.0 = Debug|Any CPU
		{4027DFE0-2D40-48E2-BC75-8C60C802C786}.Release|Any CPU.ActiveCfg = Release|Any CPU
		{4027DFE0-2D40-48E2-BC75-8C60C802C786}.Release|Any CPU.Build.0 = Release|Any CPU
	EndGlobalSection
	GlobalSection(SolutionProperties) = preSolution
		HideSolutionNode = FALSE
	EndGlobalSection
	GlobalSection(ExtensibilityGlobals) = postSolution
		SolutionGuid = {D150B5C0-7876-4F00-8FE3-D4576866E9B4}
	EndGlobalSection
EndGlobal
